
Microsoft Visual Studio Solution File, Format Version 12.00
# Visual Studio Version 17
VisualStudioVersion = 17.14.36429.23 d17.14
MinimumVisualStudioVersion = 10.0.40219.1
Project("{FAE04EC0-301F-11D3-BF4B-00C04F79EFBC}") = "2d-project-test", "2d-project-test.csproj", "{493ABA2A-96BB-4110-996D-EFA0D37F4CF9}"
EndProject
Global
	GlobalSection(SolutionConfigurationPlatforms) = preSolution
		Debug|Any CPU = Debug|Any CPU
		Release|Any CPU = Release|Any CPU
	EndGlobalSection
	GlobalSection(ProjectConfigurationPlatforms) = postSolution
		{493ABA2A-96BB-4110-996D-EFA0D37F4CF9}.Debug|Any CPU.ActiveCfg = Debug|Any CPU
		{493ABA2A-96BB-4110-996D-EFA0D37F4CF9}.Debug|Any CPU.Build.0 = Debug|Any CPU
		{493ABA2A-96BB-4110-996D-EFA0D37F4CF9}.Release|Any CPU.ActiveCfg = Release|Any CPU
		{493ABA2A-96BB-4110-996D-EFA0D37F4CF9}.Release|Any CPU.Build.0 = Release|Any CPU
	EndGlobalSection
	GlobalSection(SolutionProperties) = preSolution
		HideSolutionNode = FALSE
	EndGlobalSection
	GlobalSection(ExtensibilityGlobals) = postSolution
		SolutionGuid = {A62B8D4D-FF2E-4BE5-985B-CDC267F68CC4}
	EndGlobalSection
EndGlobal
